<?xml version="1.0" encoding="UTF-8"?>
<Scheme
   LastUpgradeVersion = "0510"
   version = "1.3">
   <BuildAction
      parallelizeBuildables = "YES"
      buildImplicitDependencies = "YES">
      <BuildActionEntries>
         <BuildActionEntry
            buildForTesting = "YES"
            buildForRunning = "YES"
            buildForProfiling = "YES"
            buildForArchiving = "YES"
            buildForAnalyzing = "YES">
            <BuildableReference
               BuildableIdentifier = "primary"
               BlueprintIdentifier = "951F936A19B2C40B00D0B5B1"
               BuildableName = "&#x56fe;&#x6587;&#x5e76;&#x8302;.app"
               BlueprintName = "&#x56fe;&#x6587;&#x5e76;&#x8302;"
               ReferencedContainer = "container:&#x56fe;&#x6587;&#x5e76;&#x8302;.xcodeproj">
            </BuildableReference>
         </BuildActionEntry>
      </BuildActionEntries>
   </BuildAction>
   <TestAction
      selectedDebuggerIdentifier = "Xcode.DebuggerFoundation.Debugger.LLDB"
      selectedLauncherIdentifier = "Xcode.DebuggerFoundation.Launcher.LLDB"
      shouldUseLaunchSchemeArgsEnv = "YES"
      buildConfiguration = "Debug">
      <Testables>
         <TestableReference
            skipped = "NO">
            <BuildableReference
               BuildableIdentifier = "primary"
               BlueprintIdentifier = "951F938B19B2C40B00D0B5B1"
               BuildableName = "&#x56fe;&#x6587;&#x5e76;&#x8302;Tests.xctest"
               BlueprintName = "&#x56fe;&#x6587;&#x5e76;&#x8302;Tests"
               ReferencedContainer = "container:&#x56fe;&#x6587;&#x5e76;&#x8302;.xcodeproj">
            </BuildableReference>
         </TestableReference>
      </Testables>
      <MacroExpansion>
         <BuildableReference
            BuildableIdentifier = "primary"
            BlueprintIdentifier = "951F936A19B2C40B00D0B5B1"
            BuildableName = "&#x56fe;&#x6587;&#x5e76;&#x8302;.app"
            BlueprintName = "&#x56fe;&#x6587;&#x5e76;&#x8302;"
            ReferencedContainer = "container:&#x56fe;&#x6587;&#x5e76;&#x8302;.xcodeproj">
         </BuildableReference>
      </MacroExpansion>
   </TestAction>
   <LaunchAction
      selectedDebuggerIdentifier = "Xcode.DebuggerFoundation.Debugger.LLDB"
      selectedLauncherIdentifier = "Xcode.DebuggerFoundation.Launcher.LLDB"
      launchStyle = "0"
      useCustomWorkingDirectory = "NO"
      buildConfiguration = "Debug"
      ignoresPersistentStateOnLaunch = "NO"
      debugDocumentVersioning = "YES"
      allowLocationSimulation = "YES">
      <BuildableProductRunnable>
         <BuildableReference
            BuildableIdentifier = "primary"
            BlueprintIdentifier = "951F936A19B2C40B00D0B5B1"
            BuildableName = "&#x56fe;&#x6587;&#x5e76;&#x8302;.app"
            BlueprintName = "&#x56fe;&#x6587;&#x5e76;&#x8302;"
            ReferencedContainer = "container:&#x56fe;&#x6587;&#x5e76;&#x8302;.xcodeproj">
         </BuildableReference>
      </BuildableProductRunnable>
      <AdditionalOptions>
      </AdditionalOptions>
   </LaunchAction>
   <ProfileAction
      shouldUseLaunchSchemeArgsEnv = "YES"
      savedToolIdentifier = ""
      useCustomWorkingDirectory = "NO"
      buildConfiguration = "Release"
      debugDocumentVersioning = "YES">
      <BuildableProductRunnable>
         <BuildableReference
            BuildableIdentifier = "primary"
            BlueprintIdentifier = "951F936A19B2C40B00D0B5B1"
            BuildableName = "&#x56fe;&#x6587;&#x5e76;&#x8302;.app"
            BlueprintName = "&#x56fe;&#x6587;&#x5e76;&#x8302;"
            ReferencedContainer = "container:&#x56fe;&#x6587;&#x5e76;&#x8302;.xcodeproj">
         </BuildableReference>
      </BuildableProductRunnable>
   </ProfileAction>
   <AnalyzeAction
      buildConfiguration = "Debug">
   </AnalyzeAction>
   <ArchiveAction
      buildConfiguration = "Release"
      revealArchiveInOrganizer = "YES">
   </ArchiveAction>
</Scheme>
